
Microsoft Visual Studio Solution File, Format Version 12.00
# Visual Studio Version 17
VisualStudioVersion = 17.14.37012.4 d17.14
MinimumVisualStudioVersion = 10.0.40219.1
Project("{FAE04EC0-301F-11D3-BF4B-00C04F79EFBC}") = "singly", "singly.csproj", "{DE6CEFAB-81B7-4A71-87C4-BEFBD9FD96E6}"
EndProject
Global
	GlobalSection(SolutionConfigurationPlatforms) = preSolution
		Debug|Any CPU = Debug|Any CPU
		Release|Any CPU = Release|Any CPU
	EndGlobalSection
	GlobalSection(ProjectConfigurationPlatforms) = postSolution
		{DE6CEFAB-81B7-4A71-87C4-BEFBD9FD96E6}.Debug|Any CPU.ActiveCfg = Debug|Any CPU
		{DE6CEFAB-81B7-4A71-87C4-BEFBD9FD96E6}.Debug|Any CPU.Build.0 = Debug|Any CPU
		{DE6CEFAB-81B7-4A71-87C4-BEFBD9FD96E6}.Release|Any CPU.ActiveCfg = Release|Any CPU
		{DE6CEFAB-81B7-4A71-87C4-BEFBD9FD96E6}.Release|Any CPU.Build.0 = Release|Any CPU
	EndGlobalSection
	GlobalSection(SolutionProperties) = preSolution
		HideSolutionNode = FALSE
	EndGlobalSection
	GlobalSection(ExtensibilityGlobals) = postSolution
		SolutionGuid = {03A58178-B0D8-4E0A-A0D9-D13E276F3781}
	EndGlobalSection
EndGlobal
